
Microsoft Visual Studio Solution File, Format Version 12.00
# Visual Studio Version 16
VisualStudioVersion = 16.0.31025.194
MinimumVisualStudioVersion = 10.0.40219.1
Project("{FAE04EC0-301F-11D3-BF4B-00C04F79EFBC}") = "login-senha", "login-senha\login-senha.csproj", "{4A0726A4-06FC-4498-9E3C-98091E1F4F09}"
EndProject
Global
	GlobalSection(SolutionConfigurationPlatforms) = preSolution
		Debug|Any CPU = Debug|Any CPU
		Release|Any CPU = Release|Any CPU
	EndGlobalSection
	GlobalSection(ProjectConfigurationPlatforms) = postSolution
		{4A0726A4-06FC-4498-9E3C-98091E1F4F09}.Debug|Any CPU.ActiveCfg = Debug|Any CPU
		{4A0726A4-06FC-4498-9E3C-98091E1F4F09}.Debug|Any CPU.Build.0 = Debug|Any CPU
		{4A0726A4-06FC-4498-9E3C-98091E1F4F09}.Release|Any CPU.ActiveCfg = Release|Any CPU
		{4A0726A4-06FC-4498-9E3C-98091E1F4F09}.Release|Any CPU.Build.0 = Release|Any CPU
	EndGlobalSection
	GlobalSection(SolutionProperties) = preSolution
		HideSolutionNode = FALSE
	EndGlobalSection
	GlobalSection(ExtensibilityGlobals) = postSolution
		SolutionGuid = {433202C5-E551-43FF-8103-7DBA847446D6}
	EndGlobalSection
EndGlobal
