
Microsoft Visual Studio Solution File, Format Version 12.00
# Visual Studio Version 16
VisualStudioVersion = 16.0.31025.194
MinimumVisualStudioVersion = 10.0.40219.1
Project("{FAE04EC0-301F-11D3-BF4B-00C04F79EFBC}") = "IncluindoAnoscomFor", "IncluindoAnoscomFor\IncluindoAnoscomFor.csproj", "{AD7A8A80-8D75-441C-8946-B9056FD89ECE}"
EndProject
Global
	GlobalSection(SolutionConfigurationPlatforms) = preSolution
		Debug|Any CPU = Debug|Any CPU
		Release|Any CPU = Release|Any CPU
	EndGlobalSection
	GlobalSection(ProjectConfigurationPlatforms) = postSolution
		{AD7A8A80-8D75-441C-8946-B9056FD89ECE}.Debug|Any CPU.ActiveCfg = Debug|Any CPU
		{AD7A8A80-8D75-441C-8946-B9056FD89ECE}.Debug|Any CPU.Build.0 = Debug|Any CPU
		{AD7A8A80-8D75-441C-8946-B9056FD89ECE}.Release|Any CPU.ActiveCfg = Release|Any CPU
		{AD7A8A80-8D75-441C-8946-B9056FD89ECE}.Release|Any CPU.Build.0 = Release|Any CPU
	EndGlobalSection
	GlobalSection(SolutionProperties) = preSolution
		HideSolutionNode = FALSE
	EndGlobalSection
	GlobalSection(ExtensibilityGlobals) = postSolution
		SolutionGuid = {D8918F8F-1802-4249-9417-EB752F7E0791}
	EndGlobalSection
EndGlobal
